{
  "name": "odev-2",
  "version": "1.0.0",
  "lockfileVersion": 3,
  "requires": true,
  "packages": {
    "": {
      "name": "odev-2",
      "version": "1.0.0",
      "license": "ISC",
      "dependencies": {
        "bootstrap": "^5.3.3",
        "sscs": "^0.0.6"
      }
    },
    "node_modules/@popperjs/core": {
      "version": "2.11.8",
      "resolved": "https://registry.npmjs.org/@popperjs/core/-/core-2.11.8.tgz",
      "integrity": "sha512-P1st0aksCrn9sGZhp8GMYwBnQsbvAWsZAX44oXNNvLHGqAOcoVxmjZiohstwQ7SqKnbR47akdNi+uleWD8+g6A==",
      "peer": true,
      "funding": {
        "type": "opencollective",
        "url": "https://opencollective.com/popperjs"
      }
    },
    "node_modules/bootstrap": {
      "version": "5.3.3",
      "resolved": "https://registry.npmjs.org/bootstrap/-/bootstrap-5.3.3.tgz",
      "integrity": "sha512-8HLCdWgyoMguSO9o+aH+iuZ+aht+mzW0u3HIMzVu7Srrpv7EBBxTnrFlSCskwdY1+EOFQSm7uMJhNQHkdPcmjg==",
      "funding": [
        {
          "type": "github",
          "url": "https://github.com/sponsors/twbs"
        },
        {
          "type": "opencollective",
          "url": "https://opencollective.com/bootstrap"
        }
      ],
      "peerDependencies": {
        "@popperjs/core": "^2.11.8"
      }
    },
    "node_modules/mime": {
      "version": "1.3.6",
      "resolved": "https://registry.npmjs.org/mime/-/mime-1.3.6.tgz",
      "integrity": "sha512-a/kG+3WTtU8GJG1ngpkkHOHcH6zNjGrI47OQyoFsFBN0QpYYJ4u2yEORsGK5cZMI+cfu9HbSCCfGfRzG0fWE9A==",
      "bin": {
        "mime": "cli.js"
      }
    },
    "node_modules/sscs": {
      "version": "0.0.6",
      "resolved": "https://registry.npmjs.org/sscs/-/sscs-0.0.6.tgz",
      "integrity": "sha512-KCsMp5AbFgvCxPkR8zWkLipAsIX9x/tCUiSENIwbLFZHBVJI6ISk/uo26MsxDE2Kl5y9t0aqG7RjWFG0Ium67A==",
      "dependencies": {
        "mime": "1.3.6"
      },
      "engines": {
        "node": ">= 0.6.0",
        "npm": ">= 1.0.0"
      }
    }
  }
}
